
Microsoft Visual Studio Solution File, Format Version 12.00
# Visual Studio Version 17
VisualStudioVersion = 17.11.35208.52
MinimumVisualStudioVersion = 10.0.40219.1
Project("{FAE04EC0-301F-11D3-BF4B-00C04F79EFBC}") = "CRUD_Operaton", "CRUD_Operaton\CRUD_Operaton.csproj", "{0B34045F-1C12-4E06-A297-BC855C94CE33}"
EndProject
Global
	GlobalSection(SolutionConfigurationPlatforms) = preSolution
		Debug|Any CPU = Debug|Any CPU
		Release|Any CPU = Release|Any CPU
	EndGlobalSection
	GlobalSection(ProjectConfigurationPlatforms) = postSolution
		{0B34045F-1C12-4E06-A297-BC855C94CE33}.Debug|Any CPU.ActiveCfg = Debug|Any CPU
		{0B34045F-1C12-4E06-A297-BC855C94CE33}.Debug|Any CPU.Build.0 = Debug|Any CPU
		{0B34045F-1C12-4E06-A297-BC855C94CE33}.Release|Any CPU.ActiveCfg = Release|Any CPU
		{0B34045F-1C12-4E06-A297-BC855C94CE33}.Release|Any CPU.Build.0 = Release|Any CPU
	EndGlobalSection
	GlobalSection(SolutionProperties) = preSolution
		HideSolutionNode = FALSE
	EndGlobalSection
	GlobalSection(ExtensibilityGlobals) = postSolution
		SolutionGuid = {9B04FFA7-03F9-4D1A-AF6E-77A115761C0F}
	EndGlobalSection
EndGlobal
